
Microsoft Visual Studio Solution File, Format Version 12.00
# Visual Studio Version 17
VisualStudioVersion = 17.4.32912.340
MinimumVisualStudioVersion = 10.0.40219.1
Project("{9A19103F-16F7-4668-BE54-9A1E7A4F7556}") = "MoqMyWordsTesting", "MoqMyWordsTesting\MoqMyWordsTesting.csproj", "{F78A74E5-A976-4FFB-BCF4-C5EE1B859A75}"
EndProject
Project("{9A19103F-16F7-4668-BE54-9A1E7A4F7556}") = "MoqMyWords", "MoqMyWords\MoqMyWords.csproj", "{EB6A27FC-D360-467C-B6BB-28427C48FA7F}"
EndProject
Global
	GlobalSection(SolutionConfigurationPlatforms) = preSolution
		Debug|Any CPU = Debug|Any CPU
		Release|Any CPU = Release|Any CPU
	EndGlobalSection
	GlobalSection(ProjectConfigurationPlatforms) = postSolution
		{F78A74E5-A976-4FFB-BCF4-C5EE1B859A75}.Debug|Any CPU.ActiveCfg = Debug|Any CPU
		{F78A74E5-A976-4FFB-BCF4-C5EE1B859A75}.Debug|Any CPU.Build.0 = Debug|Any CPU
		{F78A74E5-A976-4FFB-BCF4-C5EE1B859A75}.Release|Any CPU.ActiveCfg = Release|Any CPU
		{F78A74E5-A976-4FFB-BCF4-C5EE1B859A75}.Release|Any CPU.Build.0 = Release|Any CPU
		{EB6A27FC-D360-467C-B6BB-28427C48FA7F}.Debug|Any CPU.ActiveCfg = Debug|Any CPU
		{EB6A27FC-D360-467C-B6BB-28427C48FA7F}.Debug|Any CPU.Build.0 = Debug|Any CPU
		{EB6A27FC-D360-467C-B6BB-28427C48FA7F}.Release|Any CPU.ActiveCfg = Release|Any CPU
		{EB6A27FC-D360-467C-B6BB-28427C48FA7F}.Release|Any CPU.Build.0 = Release|Any CPU
	EndGlobalSection
	GlobalSection(SolutionProperties) = preSolution
		HideSolutionNode = FALSE
	EndGlobalSection
	GlobalSection(ExtensibilityGlobals) = postSolution
		SolutionGuid = {9B216163-5BEE-447A-952A-9C2E2B2DC5E0}
	EndGlobalSection
EndGlobal
